
Microsoft Visual Studio Solution File, Format Version 12.00
# Visual Studio Version 16
VisualStudioVersion = 16.0.31515.178
MinimumVisualStudioVersion = 10.0.40219.1
Project("{FAE04EC0-301F-11D3-BF4B-00C04F79EFBC}") = "BitmapPlus", "BitmapPlus.csproj", "{7E3DE2AE-2CA4-48D7-A6BB-1B235F3B952C}"
EndProject
Global
	GlobalSection(SolutionConfigurationPlatforms) = preSolution
		Debug|Any CPU = Debug|Any CPU
		Release|Any CPU = Release|Any CPU
	EndGlobalSection
	GlobalSection(ProjectConfigurationPlatforms) = postSolution
		{7E3DE2AE-2CA4-48D7-A6BB-1B235F3B952C}.Debug|Any CPU.ActiveCfg = Debug|Any CPU
		{7E3DE2AE-2CA4-48D7-A6BB-1B235F3B952C}.Debug|Any CPU.Build.0 = Debug|Any CPU
		{7E3DE2AE-2CA4-48D7-A6BB-1B235F3B952C}.Release|Any CPU.ActiveCfg = Release|Any CPU
		{7E3DE2AE-2CA4-48D7-A6BB-1B235F3B952C}.Release|Any CPU.Build.0 = Release|Any CPU
	EndGlobalSection
	GlobalSection(SolutionProperties) = preSolution
		HideSolutionNode = FALSE
	EndGlobalSection
	GlobalSection(ExtensibilityGlobals) = postSolution
		SolutionGuid = {D15407A5-A7B9-4F14-B10A-EF80C8D78006}
	EndGlobalSection
EndGlobal
